
Microsoft Visual Studio Solution File, Format Version 12.00
# Visual Studio Version 17
VisualStudioVersion = 17.0.31903.59
MinimumVisualStudioVersion = 10.0.40219.1
Project("{2150E333-8FDC-42A3-9474-1A3956D46DE8}") = "Serveices", "Serveices", "{F8F93F38-4CDC-4559-BBB4-BA9D391C6701}"
EndProject
Project("{2150E333-8FDC-42A3-9474-1A3956D46DE8}") = "Catalog", "Catalog", "{B9A9B132-04AD-430A-BCBD-AF2CEC4129CE}"
EndProject
Project("{FAE04EC0-301F-11D3-BF4B-00C04F79EFBC}") = "Catalog.API", "Catalog.API\Catalog.API.csproj", "{E29751DB-C07D-4005-91CA-A4ACDDCABE1A}"
EndProject
Project("{2150E333-8FDC-42A3-9474-1A3956D46DE8}") = "Auth", "Auth", "{17B42958-FE0A-44D2-B323-A26F54B146A5}"
EndProject
Project("{FAE04EC0-301F-11D3-BF4B-00C04F79EFBC}") = "Auth.API", "Auth.API\Auth.API.csproj", "{CADFD4F8-DB50-4D28-B368-BC552097957D}"
EndProject
Project("{2150E333-8FDC-42A3-9474-1A3956D46DE8}") = "Backet", "Backet", "{B66C1E64-26ED-43E5-B194-C942C2EFF68F}"
EndProject
Project("{FAE04EC0-301F-11D3-BF4B-00C04F79EFBC}") = "Backet.API", "Backet.API\Backet.API.csproj", "{7E2F7E99-221F-485C-ACB4-CAB78FD4A25D}"
EndProject
Project("{E53339B2-1760-4266-BCC7-CA923CBCF16C}") = "docker-compose", "docker-compose.dcproj", "{F9954EFC-4E9A-4458-B636-E3CE706F01B7}"
EndProject
Project("{2150E333-8FDC-42A3-9474-1A3956D46DE8}") = "ApiGateway", "ApiGateway", "{06304929-01C1-41C5-A8DC-30E9FA0DD728}"
EndProject
Project("{FAE04EC0-301F-11D3-BF4B-00C04F79EFBC}") = "OcelotApiGateway", "OcelotApiGateway\OcelotApiGateway.csproj", "{5D1195B2-C2AC-49BC-8BA3-94A3A42FAE61}"
EndProject
Project("{FAE04EC0-301F-11D3-BF4B-00C04F79EFBC}") = "ApiGateway", "ApiGateway\ApiGateway.csproj", "{7998370A-6199-4652-90D4-3387309BFD31}"
EndProject
Global
	GlobalSection(SolutionConfigurationPlatforms) = preSolution
		Debug|Any CPU = Debug|Any CPU
		Release|Any CPU = Release|Any CPU
	EndGlobalSection
	GlobalSection(ProjectConfigurationPlatforms) = postSolution
		{E29751DB-C07D-4005-91CA-A4ACDDCABE1A}.Debug|Any CPU.ActiveCfg = Debug|Any CPU
		{E29751DB-C07D-4005-91CA-A4ACDDCABE1A}.Debug|Any CPU.Build.0 = Debug|Any CPU
		{E29751DB-C07D-4005-91CA-A4ACDDCABE1A}.Release|Any CPU.ActiveCfg = Release|Any CPU
		{E29751DB-C07D-4005-91CA-A4ACDDCABE1A}.Release|Any CPU.Build.0 = Release|Any CPU
		{CADFD4F8-DB50-4D28-B368-BC552097957D}.Debug|Any CPU.ActiveCfg = Debug|Any CPU
		{CADFD4F8-DB50-4D28-B368-BC552097957D}.Debug|Any CPU.Build.0 = Debug|Any CPU
		{CADFD4F8-DB50-4D28-B368-BC552097957D}.Release|Any CPU.ActiveCfg = Release|Any CPU
		{CADFD4F8-DB50-4D28-B368-BC552097957D}.Release|Any CPU.Build.0 = Release|Any CPU
		{7E2F7E99-221F-485C-ACB4-CAB78FD4A25D}.Debug|Any CPU.ActiveCfg = Debug|Any CPU
		{7E2F7E99-221F-485C-ACB4-CAB78FD4A25D}.Debug|Any CPU.Build.0 = Debug|Any CPU
		{7E2F7E99-221F-485C-ACB4-CAB78FD4A25D}.Release|Any CPU.ActiveCfg = Release|Any CPU
		{7E2F7E99-221F-485C-ACB4-CAB78FD4A25D}.Release|Any CPU.Build.0 = Release|Any CPU
		{F9954EFC-4E9A-4458-B636-E3CE706F01B7}.Debug|Any CPU.ActiveCfg = Debug|Any CPU
		{F9954EFC-4E9A-4458-B636-E3CE706F01B7}.Debug|Any CPU.Build.0 = Debug|Any CPU
		{F9954EFC-4E9A-4458-B636-E3CE706F01B7}.Release|Any CPU.ActiveCfg = Release|Any CPU
		{F9954EFC-4E9A-4458-B636-E3CE706F01B7}.Release|Any CPU.Build.0 = Release|Any CPU
		{5D1195B2-C2AC-49BC-8BA3-94A3A42FAE61}.Debug|Any CPU.ActiveCfg = Debug|Any CPU
		{5D1195B2-C2AC-49BC-8BA3-94A3A42FAE61}.Debug|Any CPU.Build.0 = Debug|Any CPU
		{5D1195B2-C2AC-49BC-8BA3-94A3A42FAE61}.Release|Any CPU.ActiveCfg = Release|Any CPU
		{5D1195B2-C2AC-49BC-8BA3-94A3A42FAE61}.Release|Any CPU.Build.0 = Release|Any CPU
		{7998370A-6199-4652-90D4-3387309BFD31}.Debug|Any CPU.ActiveCfg = Debug|Any CPU
		{7998370A-6199-4652-90D4-3387309BFD31}.Debug|Any CPU.Build.0 = Debug|Any CPU
		{7998370A-6199-4652-90D4-3387309BFD31}.Release|Any CPU.ActiveCfg = Release|Any CPU
		{7998370A-6199-4652-90D4-3387309BFD31}.Release|Any CPU.Build.0 = Release|Any CPU
	EndGlobalSection
	GlobalSection(SolutionProperties) = preSolution
		HideSolutionNode = FALSE
	EndGlobalSection
	GlobalSection(NestedProjects) = preSolution
		{B9A9B132-04AD-430A-BCBD-AF2CEC4129CE} = {F8F93F38-4CDC-4559-BBB4-BA9D391C6701}
		{E29751DB-C07D-4005-91CA-A4ACDDCABE1A} = {B9A9B132-04AD-430A-BCBD-AF2CEC4129CE}
		{17B42958-FE0A-44D2-B323-A26F54B146A5} = {F8F93F38-4CDC-4559-BBB4-BA9D391C6701}
		{CADFD4F8-DB50-4D28-B368-BC552097957D} = {17B42958-FE0A-44D2-B323-A26F54B146A5}
		{B66C1E64-26ED-43E5-B194-C942C2EFF68F} = {F8F93F38-4CDC-4559-BBB4-BA9D391C6701}
		{7E2F7E99-221F-485C-ACB4-CAB78FD4A25D} = {B66C1E64-26ED-43E5-B194-C942C2EFF68F}
		{5D1195B2-C2AC-49BC-8BA3-94A3A42FAE61} = {06304929-01C1-41C5-A8DC-30E9FA0DD728}
		{7998370A-6199-4652-90D4-3387309BFD31} = {06304929-01C1-41C5-A8DC-30E9FA0DD728}
	EndGlobalSection
	GlobalSection(ExtensibilityGlobals) = postSolution
		SolutionGuid = {07C90F32-6277-4E26-B551-8FCEA6508B25}
	EndGlobalSection
EndGlobal
